
Microsoft Visual Studio Solution File, Format Version 12.00
# Visual Studio Version 17
VisualStudioVersion = 17.1.32210.238
MinimumVisualStudioVersion = 10.0.40219.1
Project("{FAE04EC0-301F-11D3-BF4B-00C04F79EFBC}") = "ConsoleSelenium", "ConsoleSelenium\ConsoleSelenium.csproj", "{E87465CA-D9DF-4E1F-B52F-414826F13F12}"
EndProject
Project("{2150E333-8FDC-42A3-9474-1A3956D46DE8}") = "Solution Items", "Solution Items", "{A111AEFA-0264-4FAC-ABFB-77A67CE93875}"
	ProjectSection(SolutionItems) = preProject
		docker-compose.yml = docker-compose.yml
	EndProjectSection
EndProject
Global
	GlobalSection(SolutionConfigurationPlatforms) = preSolution
		Debug|Any CPU = Debug|Any CPU
		Release|Any CPU = Release|Any CPU
	EndGlobalSection
	GlobalSection(ProjectConfigurationPlatforms) = postSolution
		{E87465CA-D9DF-4E1F-B52F-414826F13F12}.Debug|Any CPU.ActiveCfg = Debug|Any CPU
		{E87465CA-D9DF-4E1F-B52F-414826F13F12}.Debug|Any CPU.Build.0 = Debug|Any CPU
		{E87465CA-D9DF-4E1F-B52F-414826F13F12}.Release|Any CPU.ActiveCfg = Release|Any CPU
		{E87465CA-D9DF-4E1F-B52F-414826F13F12}.Release|Any CPU.Build.0 = Release|Any CPU
	EndGlobalSection
	GlobalSection(SolutionProperties) = preSolution
		HideSolutionNode = FALSE
	EndGlobalSection
	GlobalSection(ExtensibilityGlobals) = postSolution
		SolutionGuid = {ECADFB34-870D-4EBC-807C-CC6FC102F6A8}
	EndGlobalSection
EndGlobal
